
Microsoft Visual Studio Solution File, Format Version 12.00
# Visual Studio Version 16
VisualStudioVersion = 16.0.28922.388
MinimumVisualStudioVersion = 10.0.40219.1
Project("{FAE04EC0-301F-11D3-BF4B-00C04F79EFBC}") = "MonteCarlo", "MonteCarlo\MonteCarlo.csproj", "{6242E762-3B70-4EF2-A868-29E6B51DF3C3}"
EndProject
Global
	GlobalSection(SolutionConfigurationPlatforms) = preSolution
		Debug|Any CPU = Debug|Any CPU
		Release|Any CPU = Release|Any CPU
	EndGlobalSection
	GlobalSection(ProjectConfigurationPlatforms) = postSolution
		{6242E762-3B70-4EF2-A868-29E6B51DF3C3}.Debug|Any CPU.ActiveCfg = Debug|Any CPU
		{6242E762-3B70-4EF2-A868-29E6B51DF3C3}.Debug|Any CPU.Build.0 = Debug|Any CPU
		{6242E762-3B70-4EF2-A868-29E6B51DF3C3}.Release|Any CPU.ActiveCfg = Release|Any CPU
		{6242E762-3B70-4EF2-A868-29E6B51DF3C3}.Release|Any CPU.Build.0 = Release|Any CPU
	EndGlobalSection
	GlobalSection(SolutionProperties) = preSolution
		HideSolutionNode = FALSE
	EndGlobalSection
	GlobalSection(ExtensibilityGlobals) = postSolution
		SolutionGuid = {201D6D17-FB39-4E12-A4D5-52ADED45F265}
	EndGlobalSection
EndGlobal
